
Microsoft Visual Studio Solution File, Format Version 12.00
# Visual Studio Version 17
VisualStudioVersion = 17.1.32210.238
MinimumVisualStudioVersion = 10.0.40219.1
Project("{9A19103F-16F7-4668-BE54-9A1E7A4F7556}") = "stand-alone-lambda", "src\stand-alone-lambda\stand-alone-lambda.csproj", "{C57DF09D-3670-41D7-8FC5-170A1A916F2A}"
EndProject
Project("{9A19103F-16F7-4668-BE54-9A1E7A4F7556}") = "stand-alone-lambda.Tests", "test\stand-alone-lambda.Tests\stand-alone-lambda.Tests.csproj", "{9813C65B-5878-4713-BB76-D06A87F8B95E}"
EndProject
Global
	GlobalSection(SolutionConfigurationPlatforms) = preSolution
		Debug|Any CPU = Debug|Any CPU
		Release|Any CPU = Release|Any CPU
	EndGlobalSection
	GlobalSection(ProjectConfigurationPlatforms) = postSolution
		{C57DF09D-3670-41D7-8FC5-170A1A916F2A}.Debug|Any CPU.ActiveCfg = Debug|Any CPU
		{C57DF09D-3670-41D7-8FC5-170A1A916F2A}.Debug|Any CPU.Build.0 = Debug|Any CPU
		{C57DF09D-3670-41D7-8FC5-170A1A916F2A}.Release|Any CPU.ActiveCfg = Release|Any CPU
		{C57DF09D-3670-41D7-8FC5-170A1A916F2A}.Release|Any CPU.Build.0 = Release|Any CPU
		{9813C65B-5878-4713-BB76-D06A87F8B95E}.Debug|Any CPU.ActiveCfg = Debug|Any CPU
		{9813C65B-5878-4713-BB76-D06A87F8B95E}.Debug|Any CPU.Build.0 = Debug|Any CPU
		{9813C65B-5878-4713-BB76-D06A87F8B95E}.Release|Any CPU.ActiveCfg = Release|Any CPU
		{9813C65B-5878-4713-BB76-D06A87F8B95E}.Release|Any CPU.Build.0 = Release|Any CPU
	EndGlobalSection
	GlobalSection(SolutionProperties) = preSolution
		HideSolutionNode = FALSE
	EndGlobalSection
	GlobalSection(ExtensibilityGlobals) = postSolution
		SolutionGuid = {7EFB0B32-16B8-43EB-8680-D5222ADE105D}
	EndGlobalSection
EndGlobal
